
Microsoft Visual Studio Solution File, Format Version 12.00
# Visual Studio 15
VisualStudioVersion = 15.0.27130.2024
MinimumVisualStudioVersion = 10.0.40219.1
Project("{FAE04EC0-301F-11D3-BF4B-00C04F79EFBC}") = "BiliMedalCollection", "BiliMedalCollection\BiliMedalCollection.csproj", "{1E8784B6-ABDC-4D86-815A-AC5E8F14AEEB}"
EndProject
Global
	GlobalSection(SolutionConfigurationPlatforms) = preSolution
		Debug|Any CPU = Debug|Any CPU
		Release|Any CPU = Release|Any CPU
	EndGlobalSection
	GlobalSection(ProjectConfigurationPlatforms) = postSolution
		{1E8784B6-ABDC-4D86-815A-AC5E8F14AEEB}.Debug|Any CPU.ActiveCfg = Debug|Any CPU
		{1E8784B6-ABDC-4D86-815A-AC5E8F14AEEB}.Debug|Any CPU.Build.0 = Debug|Any CPU
		{1E8784B6-ABDC-4D86-815A-AC5E8F14AEEB}.Release|Any CPU.ActiveCfg = Release|Any CPU
		{1E8784B6-ABDC-4D86-815A-AC5E8F14AEEB}.Release|Any CPU.Build.0 = Release|Any CPU
	EndGlobalSection
	GlobalSection(SolutionProperties) = preSolution
		HideSolutionNode = FALSE
	EndGlobalSection
	GlobalSection(ExtensibilityGlobals) = postSolution
		SolutionGuid = {1F578229-D552-4ADA-9258-7035A1D23E29}
	EndGlobalSection
EndGlobal
